{
  "originHash" : "4cae77c7ee501f06450e2de28ee38c660bc443c355144c9c64080224b6c1116a",
  "pins" : [
    {
      "identity" : "alamofire",
      "kind" : "remoteSourceControl",
      "location" : "https://github.com/Alamofire/Alamofire",
      "state" : {
        "revision" : "e16d3481f5ed35f0472cb93350085853d754913f",
        "version" : "5.10.1"
      }
    },
    {
      "identity" : "cryptoswift",
      "kind" : "remoteSourceControl",
      "location" : "https://github.com/krzyzanowskim/CryptoSwift",
      "state" : {
        "revision" : "678d442c6f7828def400a70ae15968aef67ef52d",
        "version" : "1.8.3"
      }
    },
    {
      "identity" : "csv.swift",
      "kind" : "remoteSourceControl",
      "location" : "https://github.com/yaslab/CSV.swift",
      "state" : {
        "revision" : "b4371dc833ba22ab6ead90fb63d267c3cf9ce773",
        "version" : "2.5.2"
      }
    },
    {
      "identity" : "defaults",
      "kind" : "remoteSourceControl",
      "location" : "https://github.com/sindresorhus/Defaults",
      "state" : {
        "revision" : "3efef5a28ebdbbe922d4a2049493733ed14475a6",
        "version" : "7.3.1"
      }
    },
    {
      "identity" : "objectmapper",
      "kind" : "remoteSourceControl",
      "location" : "https://github.com/tristanhimmelman/ObjectMapper",
      "state" : {
        "revision" : "6021c6035e83a306047348666f6400dc61445d3b",
        "version" : "4.4.3"
      }
    },
    {
      "identity" : "realm-core",
      "kind" : "remoteSourceControl",
      "location" : "https://github.com/realm/realm-core.git",
      "state" : {
        "revision" : "85eeca41654cc9070ad81a21a4b1d153ad467c33",
        "version" : "14.13.1"
      }
    },
    {
      "identity" : "realm-swift",
      "kind" : "remoteSourceControl",
      "location" : "https://github.com/realm/realm-swift",
      "state" : {
        "revision" : "5553cfd1c789efdb3d6daf7f0cc0733cfe601846",
        "version" : "10.54.1"
      }
    },
    {
      "identity" : "result",
      "kind" : "remoteSourceControl",
      "location" : "https://github.com/antitypical/Result",
      "state" : {
        "revision" : "12920a5c2595926efab9274d6003e29f503dbb66",
        "version" : "5.0.0"
      }
    }
  ],
  "version" : 3
}
